{
  "version": 4,
  "terraform_version": "1.2.2",
  "serial": 202,
  "lineage": "1a7fb92f-7c59-93c4-cf5c-e87a96f8805c",
  "outputs": {
    "linux_vm_public_name": {
      "value": [
        "integral-caiman.southeastasia.cloudapp.azure.com"
      ],
      "type": [
        "tuple",
        [
          "string"
        ]
      ]
    }
  },
  "resources": [
    {
      "mode": "managed",
      "type": "azurerm_resource_group",
      "name": "weather-rg",
      "provider": "provider[\"registry.terraform.io/hashicorp/azurerm\"]",
      "instances": [
        {
          "schema_version": 0,
          "attributes": {
            "id": "/subscriptions/aaa4626c-5934-48ca-a66d-27a8fee382c1/resourceGroups/weather-rg",
            "location": "southeastasia",
            "name": "weather-rg",
            "tags": null,
            "timeouts": null
          },
          "sensitive_attributes": [],
          "private": "eyJlMmJmYjczMC1lY2FhLTExZTYtOGY4OC0zNDM2M2JjN2M0YzAiOnsiY3JlYXRlIjo1NDAwMDAwMDAwMDAwLCJkZWxldGUiOjU0MDAwMDAwMDAwMDAsInJlYWQiOjMwMDAwMDAwMDAwMCwidXBkYXRlIjo1NDAwMDAwMDAwMDAwfX0="
        }
      ]
    },
    {
      "mode": "managed",
      "type": "random_pet",
      "name": "name",
      "provider": "provider[\"registry.terraform.io/hashicorp/random\"]",
      "instances": [
        {
          "schema_version": 0,
          "attributes": {
            "id": "integral-caiman",
            "keepers": null,
            "length": 2,
            "prefix": null,
            "separator": "-"
          },
          "sensitive_attributes": [],
          "private": "bnVsbA=="
        }
      ]
    },
    {
      "module": "module.linuxservers",
      "mode": "data",
      "type": "azurerm_public_ip",
      "name": "vm",
      "provider": "provider[\"registry.terraform.io/hashicorp/azurerm\"]",
      "instances": [
        {
          "index_key": 0,
          "schema_version": 0,
          "attributes": {
            "allocation_method": "Dynamic",
            "domain_name_label": "integral-caiman",
            "fqdn": "integral-caiman.southeastasia.cloudapp.azure.com",
            "id": "/subscriptions/aaa4626c-5934-48ca-a66d-27a8fee382c1/resourceGroups/weather-rg/providers/Microsoft.Network/publicIPAddresses/weather-vm-pip-0",
            "idle_timeout_in_minutes": 4,
            "ip_address": "20.24.150.169",
            "ip_tags": {},
            "ip_version": "IPv4",
            "location": "southeastasia",
            "name": "weather-vm-pip-0",
            "resource_group_name": "weather-rg",
            "reverse_fqdn": "",
            "sku": "Basic",
            "tags": {
              "source": "terraform"
            },
            "timeouts": null,
            "zones": []
          },
          "sensitive_attributes": []
        }
      ]
    },
    {
      "module": "module.linuxservers",
      "mode": "data",
      "type": "azurerm_resource_group",
      "name": "vm",
      "provider": "provider[\"registry.terraform.io/hashicorp/azurerm\"]",
      "instances": [
        {
          "schema_version": 0,
          "attributes": {
            "id": "/subscriptions/aaa4626c-5934-48ca-a66d-27a8fee382c1/resourceGroups/weather-rg",
            "location": "southeastasia",
            "name": "weather-rg",
            "tags": {},
            "timeouts": null
          },
          "sensitive_attributes": []
        }
      ]
    },
    {
      "module": "module.linuxservers",
      "mode": "managed",
      "type": "azurerm_availability_set",
      "name": "vm",
      "provider": "provider[\"registry.terraform.io/hashicorp/azurerm\"]",
      "instances": [
        {
          "schema_version": 0,
          "attributes": {
            "id": "/subscriptions/aaa4626c-5934-48ca-a66d-27a8fee382c1/resourceGroups/weather-rg/providers/Microsoft.Compute/availabilitySets/weather-vm-avset",
            "location": "southeastasia",
            "managed": true,
            "name": "weather-vm-avset",
            "platform_fault_domain_count": 2,
            "platform_update_domain_count": 2,
            "proximity_placement_group_id": null,
            "resource_group_name": "weather-rg",
            "tags": {
              "source": "terraform"
            },
            "timeouts": null
          },
          "sensitive_attributes": [],
          "private": "eyJlMmJmYjczMC1lY2FhLTExZTYtOGY4OC0zNDM2M2JjN2M0YzAiOnsiY3JlYXRlIjoxODAwMDAwMDAwMDAwLCJkZWxldGUiOjE4MDAwMDAwMDAwMDAsInJlYWQiOjMwMDAwMDAwMDAwMCwidXBkYXRlIjoxODAwMDAwMDAwMDAwfX0=",
          "dependencies": [
            "azurerm_resource_group.weather-rg",
            "module.linuxservers.data.azurerm_resource_group.vm"
          ]
        }
      ]
    },
    {
      "module": "module.linuxservers",
      "mode": "managed",
      "type": "azurerm_network_interface",
      "name": "vm",
      "provider": "provider[\"registry.terraform.io/hashicorp/azurerm\"]",
      "instances": [
        {
          "index_key": 0,
          "schema_version": 0,
          "attributes": {
            "applied_dns_servers": [],
            "dns_servers": [],
            "edge_zone": "",
            "enable_accelerated_networking": false,
            "enable_ip_forwarding": false,
            "id": "/subscriptions/aaa4626c-5934-48ca-a66d-27a8fee382c1/resourceGroups/weather-rg/providers/Microsoft.Network/networkInterfaces/weather-vm-nic-0",
            "internal_dns_name_label": "",
            "internal_domain_name_suffix": "1v5kfmk22ptezkmoalcn1g2h2f.ix.internal.cloudapp.net",
            "ip_configuration": [
              {
                "gateway_load_balancer_frontend_ip_configuration_id": "",
                "name": "weather-vm-ip-0",
                "primary": true,
                "private_ip_address": "10.0.1.4",
                "private_ip_address_allocation": "Dynamic",
                "private_ip_address_version": "IPv4",
                "public_ip_address_id": "/subscriptions/aaa4626c-5934-48ca-a66d-27a8fee382c1/resourceGroups/weather-rg/providers/Microsoft.Network/publicIPAddresses/weather-vm-pip-0",
                "subnet_id": "/subscriptions/aaa4626c-5934-48ca-a66d-27a8fee382c1/resourceGroups/weather-rg/providers/Microsoft.Network/virtualNetworks/weather-vnet/subnets/subnet1"
              }
            ],
            "location": "southeastasia",
            "mac_address": "",
            "name": "weather-vm-nic-0",
            "private_ip_address": "10.0.1.4",
            "private_ip_addresses": [
              "10.0.1.4"
            ],
            "resource_group_name": "weather-rg",
            "tags": {
              "source": "terraform"
            },
            "timeouts": null,
            "virtual_machine_id": ""
          },
          "sensitive_attributes": [],
          "private": "eyJlMmJmYjczMC1lY2FhLTExZTYtOGY4OC0zNDM2M2JjN2M0YzAiOnsiY3JlYXRlIjoxODAwMDAwMDAwMDAwLCJkZWxldGUiOjE4MDAwMDAwMDAwMDAsInJlYWQiOjMwMDAwMDAwMDAwMCwidXBkYXRlIjoxODAwMDAwMDAwMDAwfX0=",
          "dependencies": [
            "azurerm_resource_group.weather-rg",
            "module.linuxservers.azurerm_public_ip.vm",
            "module.linuxservers.data.azurerm_resource_group.vm",
            "module.network.azurerm_subnet.subnet",
            "module.network.azurerm_virtual_network.vnet",
            "module.network.data.azurerm_resource_group.network",
            "random_pet.name"
          ]
        }
      ]
    },
    {
      "module": "module.linuxservers",
      "mode": "managed",
      "type": "azurerm_network_interface_security_group_association",
      "name": "test",
      "provider": "provider[\"registry.terraform.io/hashicorp/azurerm\"]",
      "instances": [
        {
          "index_key": 0,
          "schema_version": 0,
          "attributes": {
            "id": "/subscriptions/aaa4626c-5934-48ca-a66d-27a8fee382c1/resourceGroups/weather-rg/providers/Microsoft.Network/networkInterfaces/weather-vm-nic-0|/subscriptions/aaa4626c-5934-48ca-a66d-27a8fee382c1/resourceGroups/weather-rg/providers/Microsoft.Network/networkSecurityGroups/weather-vm-nsg",
            "network_interface_id": "/subscriptions/aaa4626c-5934-48ca-a66d-27a8fee382c1/resourceGroups/weather-rg/providers/Microsoft.Network/networkInterfaces/weather-vm-nic-0",
            "network_security_group_id": "/subscriptions/aaa4626c-5934-48ca-a66d-27a8fee382c1/resourceGroups/weather-rg/providers/Microsoft.Network/networkSecurityGroups/weather-vm-nsg",
            "timeouts": null
          },
          "sensitive_attributes": [],
          "private": "eyJlMmJmYjczMC1lY2FhLTExZTYtOGY4OC0zNDM2M2JjN2M0YzAiOnsiY3JlYXRlIjoxODAwMDAwMDAwMDAwLCJkZWxldGUiOjE4MDAwMDAwMDAwMDAsInJlYWQiOjMwMDAwMDAwMDAwMCwidXBkYXRlIjoxODAwMDAwMDAwMDAwfX0=",
          "dependencies": [
            "azurerm_resource_group.weather-rg",
            "module.linuxservers.azurerm_network_interface.vm",
            "module.linuxservers.azurerm_network_security_group.vm",
            "module.linuxservers.azurerm_public_ip.vm",
            "module.linuxservers.data.azurerm_resource_group.vm",
            "module.network.azurerm_subnet.subnet",
            "module.network.azurerm_virtual_network.vnet",
            "module.network.data.azurerm_resource_group.network",
            "random_pet.name"
          ]
        }
      ]
    },
    {
      "module": "module.linuxservers",
      "mode": "managed",
      "type": "azurerm_network_security_group",
      "name": "vm",
      "provider": "provider[\"registry.terraform.io/hashicorp/azurerm\"]",
      "instances": [
        {
          "schema_version": 0,
          "attributes": {
            "id": "/subscriptions/aaa4626c-5934-48ca-a66d-27a8fee382c1/resourceGroups/weather-rg/providers/Microsoft.Network/networkSecurityGroups/weather-vm-nsg",
            "location": "southeastasia",
            "name": "weather-vm-nsg",
            "resource_group_name": "weather-rg",
            "security_rule": [],
            "tags": {
              "source": "terraform"
            },
            "timeouts": null
          },
          "sensitive_attributes": [],
          "private": "eyJlMmJmYjczMC1lY2FhLTExZTYtOGY4OC0zNDM2M2JjN2M0YzAiOnsiY3JlYXRlIjoxODAwMDAwMDAwMDAwLCJkZWxldGUiOjE4MDAwMDAwMDAwMDAsInJlYWQiOjMwMDAwMDAwMDAwMCwidXBkYXRlIjoxODAwMDAwMDAwMDAwfX0=",
          "dependencies": [
            "azurerm_resource_group.weather-rg",
            "module.linuxservers.data.azurerm_resource_group.vm"
          ]
        }
      ]
    },
    {
      "module": "module.linuxservers",
      "mode": "managed",
      "type": "azurerm_network_security_rule",
      "name": "vm",
      "provider": "provider[\"registry.terraform.io/hashicorp/azurerm\"]",
      "instances": [
        {
          "index_key": 0,
          "schema_version": 0,
          "attributes": {
            "access": "Allow",
            "description": "Allow remote protocol in from all locations",
            "destination_address_prefix": "*",
            "destination_address_prefixes": null,
            "destination_application_security_group_ids": null,
            "destination_port_range": "22",
            "destination_port_ranges": null,
            "direction": "Inbound",
            "id": "/subscriptions/aaa4626c-5934-48ca-a66d-27a8fee382c1/resourceGroups/weather-rg/providers/Microsoft.Network/networkSecurityGroups/weather-vm-nsg/securityRules/allow_remote_22_in_all",
            "name": "allow_remote_22_in_all",
            "network_security_group_name": "weather-vm-nsg",
            "priority": 101,
            "protocol": "Tcp",
            "resource_group_name": "weather-rg",
            "source_address_prefix": "",
            "source_address_prefixes": [
              "0.0.0.0/0"
            ],
            "source_application_security_group_ids": null,
            "source_port_range": "*",
            "source_port_ranges": null,
            "timeouts": null
          },
          "sensitive_attributes": [],
          "private": "eyJlMmJmYjczMC1lY2FhLTExZTYtOGY4OC0zNDM2M2JjN2M0YzAiOnsiY3JlYXRlIjoxODAwMDAwMDAwMDAwLCJkZWxldGUiOjE4MDAwMDAwMDAwMDAsInJlYWQiOjMwMDAwMDAwMDAwMCwidXBkYXRlIjoxODAwMDAwMDAwMDAwfX0=",
          "dependencies": [
            "azurerm_resource_group.weather-rg",
            "module.linuxservers.azurerm_network_security_group.vm",
            "module.linuxservers.data.azurerm_resource_group.vm"
          ]
        }
      ]
    },
    {
      "module": "module.linuxservers",
      "mode": "managed",
      "type": "azurerm_public_ip",
      "name": "vm",
      "provider": "provider[\"registry.terraform.io/hashicorp/azurerm\"]",
      "instances": [
        {
          "index_key": 0,
          "schema_version": 0,
          "attributes": {
            "allocation_method": "Dynamic",
            "domain_name_label": "integral-caiman",
            "edge_zone": "",
            "fqdn": "integral-caiman.southeastasia.cloudapp.azure.com",
            "id": "/subscriptions/aaa4626c-5934-48ca-a66d-27a8fee382c1/resourceGroups/weather-rg/providers/Microsoft.Network/publicIPAddresses/weather-vm-pip-0",
            "idle_timeout_in_minutes": 4,
            "ip_address": "",
            "ip_tags": null,
            "ip_version": "IPv4",
            "location": "southeastasia",
            "name": "weather-vm-pip-0",
            "public_ip_prefix_id": null,
            "resource_group_name": "weather-rg",
            "reverse_fqdn": "",
            "sku": "Basic",
            "sku_tier": "Regional",
            "tags": {
              "source": "terraform"
            },
            "timeouts": null,
            "zones": null
          },
          "sensitive_attributes": [],
          "private": "eyJlMmJmYjczMC1lY2FhLTExZTYtOGY4OC0zNDM2M2JjN2M0YzAiOnsiY3JlYXRlIjoxODAwMDAwMDAwMDAwLCJkZWxldGUiOjE4MDAwMDAwMDAwMDAsInJlYWQiOjMwMDAwMDAwMDAwMCwidXBkYXRlIjoxODAwMDAwMDAwMDAwfX0=",
          "dependencies": [
            "azurerm_resource_group.weather-rg",
            "module.linuxservers.data.azurerm_resource_group.vm",
            "random_pet.name"
          ]
        }
      ]
    },
    {
      "module": "module.linuxservers",
      "mode": "managed",
      "type": "azurerm_virtual_machine",
      "name": "vm-linux",
      "provider": "provider[\"registry.terraform.io/hashicorp/azurerm\"]",
      "instances": [
        {
          "index_key": 0,
          "schema_version": 0,
          "attributes": {
            "additional_capabilities": [],
            "availability_set_id": "/subscriptions/aaa4626c-5934-48ca-a66d-27a8fee382c1/resourcegroups/weather-rg/providers/microsoft.compute/availabilitysets/weather-vm-avset",
            "boot_diagnostics": [
              {
                "enabled": false,
                "storage_uri": ""
              }
            ],
            "delete_data_disks_on_termination": true,
            "delete_os_disk_on_termination": true,
            "id": "/subscriptions/aaa4626c-5934-48ca-a66d-27a8fee382c1/resourceGroups/weather-rg/providers/Microsoft.Compute/virtualMachines/weather-vm-vmLinux-0",
            "identity": [],
            "license_type": null,
            "location": "southeastasia",
            "name": "weather-vm-vmLinux-0",
            "network_interface_ids": [
              "/subscriptions/aaa4626c-5934-48ca-a66d-27a8fee382c1/resourceGroups/weather-rg/providers/Microsoft.Network/networkInterfaces/weather-vm-nic-0"
            ],
            "os_profile": [
              {
                "admin_password": "",
                "admin_username": "ubuntu",
                "computer_name": "weather-vm-0",
                "custom_data": "da39a3ee5e6b4b0d3255bfef95601890afd80709"
              }
            ],
            "os_profile_linux_config": [
              {
                "disable_password_authentication": true,
                "ssh_keys": [
                  {
                    "key_data": "ssh-rsa AAAAB3NzaC1yc2EAAAADAQABAAABgQDgXWr6e9kv/8jX3P/K5rq1MT8K1NF3OEhO8WJLG9ahoo6DqPkkkYTIEFwlVe0ETdIcO6mFvEvuPNTn5/jGI6wLH1Yey2bae6lndkx8gRk1V0ZTPpo8jPaBnvXZYTDANvaAeW7Y01arQ09LZZEe8hSEE9CB/bDgSIQ+RmV3q1jcLT+iQC2e0lj1gODSwD+wn0ITwHzMe4xyYlYHXbwMWZP/UvDoiAPsAej4oCko8NgD3vhHma3B/wGLGn0gxois2XMKkE2G0dr0uQJfT4XcwEd4Qfzk4ZF0gI01oTNEYlBMOHLKy9wUJ1+q4/x1duGxhfB/NHmuteynM0u1wUZlV0hw3tIk0mxWNFvI6yDfL84nav/xaUu/JzEKWyl/RcNctH+t+bXinusxUo0PmxUiLwMr02sfbJSbzh+p4f5GAWD6vv8nuzElJF//Cj+83fZR74Off/dKWVbfLuRz4bOiF9oGDSvQpT2ns/HQRw/ai33D9y7+jZ95egAXK3b8lbOmq+0= kjanshair@kjanshair\n",
                    "path": "/home/ubuntu/.ssh/authorized_keys"
                  }
                ]
              }
            ],
            "os_profile_secrets": [],
            "os_profile_windows_config": [],
            "plan": [],
            "primary_network_interface_id": null,
            "proximity_placement_group_id": null,
            "resource_group_name": "weather-rg",
            "storage_data_disk": [],
            "storage_image_reference": [
              {
                "id": "",
                "offer": "0001-com-ubuntu-server-focal",
                "publisher": "Canonical",
                "sku": "20_04-lts-gen2",
                "version": "latest"
              }
            ],
            "storage_os_disk": [
              {
                "caching": "ReadWrite",
                "create_option": "FromImage",
                "disk_size_gb": 30,
                "image_uri": "",
                "managed_disk_id": "/subscriptions/aaa4626c-5934-48ca-a66d-27a8fee382c1/resourceGroups/weather-rg/providers/Microsoft.Compute/disks/osdisk-weather-vm-0",
                "managed_disk_type": "Premium_LRS",
                "name": "osdisk-weather-vm-0",
                "os_type": "Linux",
                "vhd_uri": "",
                "write_accelerator_enabled": false
              }
            ],
            "tags": {
              "source": "terraform"
            },
            "timeouts": null,
            "vm_size": "Standard_DS1_v2",
            "zones": null
          },
          "sensitive_attributes": [],
          "private": "eyJlMmJmYjczMC1lY2FhLTExZTYtOGY4OC0zNDM2M2JjN2M0YzAiOnsiY3JlYXRlIjozNjAwMDAwMDAwMDAwLCJkZWxldGUiOjM2MDAwMDAwMDAwMDAsInJlYWQiOjMwMDAwMDAwMDAwMCwidXBkYXRlIjozNjAwMDAwMDAwMDAwfX0=",
          "dependencies": [
            "azurerm_resource_group.weather-rg",
            "module.linuxservers.azurerm_availability_set.vm",
            "module.linuxservers.azurerm_network_interface.vm",
            "module.linuxservers.azurerm_public_ip.vm",
            "module.linuxservers.azurerm_storage_account.vm-sa",
            "module.linuxservers.data.azurerm_resource_group.vm",
            "module.network.azurerm_subnet.subnet",
            "module.network.azurerm_virtual_network.vnet",
            "module.network.data.azurerm_resource_group.network",
            "random_pet.name"
          ]
        }
      ]
    },
    {
      "module": "module.linuxservers",
      "mode": "managed",
      "type": "random_id",
      "name": "vm-sa",
      "provider": "provider[\"registry.terraform.io/hashicorp/random\"]",
      "instances": [
        {
          "schema_version": 0,
          "attributes": {
            "b64_std": "cdQcNVTU",
            "b64_url": "cdQcNVTU",
            "byte_length": 6,
            "dec": "125155820262612",
            "hex": "71d41c3554d4",
            "id": "cdQcNVTU",
            "keepers": {
              "vm_hostname": "weather-vm"
            },
            "prefix": null
          },
          "sensitive_attributes": [],
          "private": "bnVsbA==",
          "dependencies": [
            "azurerm_resource_group.weather-rg"
          ]
        }
      ]
    },
    {
      "module": "module.network",
      "mode": "data",
      "type": "azurerm_resource_group",
      "name": "network",
      "provider": "provider[\"registry.terraform.io/hashicorp/azurerm\"]",
      "instances": [
        {
          "schema_version": 0,
          "attributes": {
            "id": "/subscriptions/aaa4626c-5934-48ca-a66d-27a8fee382c1/resourceGroups/weather-rg",
            "location": "southeastasia",
            "name": "weather-rg",
            "tags": {},
            "timeouts": null
          },
          "sensitive_attributes": []
        }
      ]
    },
    {
      "module": "module.network",
      "mode": "managed",
      "type": "azurerm_subnet",
      "name": "subnet",
      "provider": "provider[\"registry.terraform.io/hashicorp/azurerm\"]",
      "instances": [
        {
          "index_key": 0,
          "schema_version": 0,
          "attributes": {
            "address_prefixes": [
              "10.0.1.0/24"
            ],
            "delegation": [],
            "enforce_private_link_endpoint_network_policies": false,
            "enforce_private_link_service_network_policies": false,
            "id": "/subscriptions/aaa4626c-5934-48ca-a66d-27a8fee382c1/resourceGroups/weather-rg/providers/Microsoft.Network/virtualNetworks/weather-vnet/subnets/subnet1",
            "name": "subnet1",
            "resource_group_name": "weather-rg",
            "service_endpoint_policy_ids": null,
            "service_endpoints": null,
            "timeouts": null,
            "virtual_network_name": "weather-vnet"
          },
          "sensitive_attributes": [],
          "private": "eyJlMmJmYjczMC1lY2FhLTExZTYtOGY4OC0zNDM2M2JjN2M0YzAiOnsiY3JlYXRlIjoxODAwMDAwMDAwMDAwLCJkZWxldGUiOjE4MDAwMDAwMDAwMDAsInJlYWQiOjMwMDAwMDAwMDAwMCwidXBkYXRlIjoxODAwMDAwMDAwMDAwfX0=",
          "dependencies": [
            "azurerm_resource_group.weather-rg",
            "module.network.azurerm_virtual_network.vnet",
            "module.network.data.azurerm_resource_group.network"
          ]
        }
      ]
    },
    {
      "module": "module.network",
      "mode": "managed",
      "type": "azurerm_virtual_network",
      "name": "vnet",
      "provider": "provider[\"registry.terraform.io/hashicorp/azurerm\"]",
      "instances": [
        {
          "schema_version": 0,
          "attributes": {
            "address_space": [
              "10.0.0.0/16"
            ],
            "bgp_community": "",
            "ddos_protection_plan": [],
            "dns_servers": [],
            "edge_zone": "",
            "flow_timeout_in_minutes": 0,
            "guid": "b1a27edd-e35c-4ce6-a98e-02c4dd9b87e5",
            "id": "/subscriptions/aaa4626c-5934-48ca-a66d-27a8fee382c1/resourceGroups/weather-rg/providers/Microsoft.Network/virtualNetworks/weather-vnet",
            "location": "southeastasia",
            "name": "weather-vnet",
            "resource_group_name": "weather-rg",
            "subnet": [],
            "tags": {
              "environment": "dev"
            },
            "timeouts": null
          },
          "sensitive_attributes": [],
          "private": "eyJlMmJmYjczMC1lY2FhLTExZTYtOGY4OC0zNDM2M2JjN2M0YzAiOnsiY3JlYXRlIjoxODAwMDAwMDAwMDAwLCJkZWxldGUiOjE4MDAwMDAwMDAwMDAsInJlYWQiOjMwMDAwMDAwMDAwMCwidXBkYXRlIjoxODAwMDAwMDAwMDAwfX0=",
          "dependencies": [
            "azurerm_resource_group.weather-rg",
            "module.network.data.azurerm_resource_group.network"
          ]
        }
      ]
    }
  ]
}
